
Microsoft Visual Studio Solution File, Format Version 12.00
# Visual Studio Version 16
VisualStudioVersion = 16.0.31424.327
MinimumVisualStudioVersion = 10.0.40219.1
Project("{FAE04EC0-301F-11D3-BF4B-00C04F79EFBC}") = "Mosaico", "Mosaico\Mosaico.csproj", "{1D0C41C2-10CF-401B-B4F0-9B21E2262A99}"
EndProject
Global
	GlobalSection(SolutionConfigurationPlatforms) = preSolution
		Debug|Any CPU = Debug|Any CPU
		Release|Any CPU = Release|Any CPU
	EndGlobalSection
	GlobalSection(ProjectConfigurationPlatforms) = postSolution
		{1D0C41C2-10CF-401B-B4F0-9B21E2262A99}.Debug|Any CPU.ActiveCfg = Debug|Any CPU
		{1D0C41C2-10CF-401B-B4F0-9B21E2262A99}.Debug|Any CPU.Build.0 = Debug|Any CPU
		{1D0C41C2-10CF-401B-B4F0-9B21E2262A99}.Release|Any CPU.ActiveCfg = Release|Any CPU
		{1D0C41C2-10CF-401B-B4F0-9B21E2262A99}.Release|Any CPU.Build.0 = Release|Any CPU
	EndGlobalSection
	GlobalSection(SolutionProperties) = preSolution
		HideSolutionNode = FALSE
	EndGlobalSection
	GlobalSection(ExtensibilityGlobals) = postSolution
		SolutionGuid = {01B9AE25-2331-4C5E-A9DA-3BBDDA75225C}
	EndGlobalSection
EndGlobal
